<?xml version="1.0" encoding="utf-8"?>
<Project ToolsVersion="4.0" xmlns="http://schemas.microsoft.com/developer/msbuild/2003">
  <ItemGroup>
    <Filter Include="Source Files">
      <UniqueIdentifier>{4FC737F1-C7A5-4376-A066-2A32D752A2FF}</UniqueIdentifier>
      <Extensions>cpp;c;cc;cxx;def;odl;idl;hpj;bat;asm;asmx</Extensions>
    </Filter>
    <Filter Include="Header Files">
      <UniqueIdentifier>{93995380-89BD-4b04-88EB-625FBE52EBFB}</UniqueIdentifier>
      <Extensions>h;hh;hpp;hxx;hm;inl;inc;ipp;xsd</Extensions>
    </Filter>
    <Filter Include="Resource Files">
      <UniqueIdentifier>{67DA6AB6-F800-4c08-8B7A-83BB121AAD01}</UniqueIdentifier>
      <Extensions>rc;ico;cur;bmp;dlg;rc2;rct;bin;rgs;gif;jpg;jpeg;jpe;resx;tiff;tif;png;wav;mfcribbon-ms</Extensions>
    </Filter>
    <Filter Include="imgui">
      <UniqueIdentifier>{aa8fc11d-9784-4166-9c8f-a0555fd283f9}</UniqueIdentifier>
    </Filter>
    <Filter Include="tools">
      <UniqueIdentifier>{44430b4e-9b2a-47aa-8206-a15690f4d89b}</UniqueIdentifier>
    </Filter>
    <Filter Include="drawable">
      <UniqueIdentifier>{dc559bb8-564f-48b4-9ea3-e60a5e9cdcf4}</UniqueIdentifier>
    </Filter>
  </ItemGroup>
  <ItemGroup>
    <ClInclude Include="..\..\i don%27t know yet\i don%27t know yet\Window.h">
      <Filter>Header Files</Filter>
    </ClInclude>
    <ClInclude Include="..\..\i don%27t know yet\i don%27t know yet\Graphics.h">
      <Filter>Header Files</Filter>
    </ClInclude>
    <ClInclude Include="..\..\i don%27t know yet\i don%27t know yet\Keyboard.h">
      <Filter>Header Files</Filter>
    </ClInclude>
    <ClInclude Include="..\..\i don%27t know yet\i don%27t know yet\Game.h">
      <Filter>Header Files</Filter>
    </ClInclude>
    <ClInclude Include="..\..\i don%27t know yet\i don%27t know yet\Camera.h">
      <Filter>Header Files</Filter>
    </ClInclude>
    <ClInclude Include="..\..\i don%27t know yet\i don%27t know yet\light.h">
      <Filter>Header Files</Filter>
    </ClInclude>
    <ClInclude Include="..\..\i don%27t know yet\i don%27t know yet\imconfig.h">
      <Filter>imgui</Filter>
    </ClInclude>
    <ClInclude Include="..\..\i don%27t know yet\i don%27t know yet\imgui.h">
      <Filter>imgui</Filter>
    </ClInclude>
    <ClInclude Include="..\..\i don%27t know yet\i don%27t know yet\imgui_impl_dx11.h">
      <Filter>imgui</Filter>
    </ClInclude>
    <ClInclude Include="..\..\i don%27t know yet\i don%27t know yet\imgui_impl_win32.h">
      <Filter>imgui</Filter>
    </ClInclude>
    <ClInclude Include="..\..\i don%27t know yet\i don%27t know yet\imgui_internal.h">
      <Filter>imgui</Filter>
    </ClInclude>
    <ClInclude Include="..\..\i don%27t know yet\i don%27t know yet\imstb_textedit.h">
      <Filter>imgui</Filter>
    </ClInclude>
    <ClInclude Include="..\..\i don%27t know yet\i don%27t know yet\imstb_rectpack.h">
      <Filter>imgui</Filter>
    </ClInclude>
    <ClInclude Include="..\..\i don%27t know yet\i don%27t know yet\imstb_truetype.h">
      <Filter>imgui</Filter>
    </ClInclude>
    <ClInclude Include="..\..\i don%27t know yet\i don%27t know yet\FrustumCull.h">
      <Filter>Header Files</Filter>
    </ClInclude>
    <ClInclude Include="..\..\i don%27t know yet\i don%27t know yet\Console.h">
      <Filter>Header Files</Filter>
    </ClInclude>
    <ClInclude Include="..\..\i don%27t know yet\i don%27t know yet\drawable.h">
      <Filter>drawable</Filter>
    </ClInclude>
    <ClInclude Include="..\..\i don%27t know yet\i don%27t know yet\Mesh.h">
      <Filter>drawable</Filter>
    </ClInclude>
  </ItemGroup>
  <ItemGroup>
    <ClCompile Include="..\..\i don%27t know yet\i don%27t know yet\Window.cpp">
      <Filter>Source Files</Filter>
    </ClCompile>
    <ClCompile Include="..\..\i don%27t know yet\i don%27t know yet\Main.cpp">
      <Filter>Source Files</Filter>
    </ClCompile>
    <ClCompile Include="..\..\i don%27t know yet\i don%27t know yet\Graphics.cpp">
      <Filter>Source Files</Filter>
    </ClCompile>
    <ClCompile Include="..\..\i don%27t know yet\i don%27t know yet\Keyboard.cpp">
      <Filter>Source Files</Filter>
    </ClCompile>
    <ClCompile Include="..\..\i don%27t know yet\i don%27t know yet\Game.cpp">
      <Filter>Source Files</Filter>
    </ClCompile>
    <ClCompile Include="..\..\i don%27t know yet\i don%27t know yet\Camera.cpp">
      <Filter>Source Files</Filter>
    </ClCompile>
    <ClCompile Include="..\..\i don%27t know yet\i don%27t know yet\light.cpp">
      <Filter>Source Files</Filter>
    </ClCompile>
    <ClCompile Include="..\..\i don%27t know yet\i don%27t know yet\imgui.cpp">
      <Filter>imgui</Filter>
    </ClCompile>
    <ClCompile Include="..\..\i don%27t know yet\i don%27t know yet\imgui_impl_dx11.cpp">
      <Filter>imgui</Filter>
    </ClCompile>
    <ClCompile Include="..\..\i don%27t know yet\i don%27t know yet\imgui_impl_win32.cpp">
      <Filter>imgui</Filter>
    </ClCompile>
    <ClCompile Include="..\..\i don%27t know yet\i don%27t know yet\imgui_widgets.cpp">
      <Filter>imgui</Filter>
    </ClCompile>
    <ClCompile Include="..\..\i don%27t know yet\i don%27t know yet\imgui_demo.cpp">
      <Filter>imgui</Filter>
    </ClCompile>
    <ClCompile Include="..\..\i don%27t know yet\i don%27t know yet\imgui_draw.cpp">
      <Filter>imgui</Filter>
    </ClCompile>
    <ClCompile Include="..\..\i don%27t know yet\i don%27t know yet\FrustumCull.cpp">
      <Filter>Source Files</Filter>
    </ClCompile>
    <ClCompile Include="..\..\i don%27t know yet\i don%27t know yet\Console.cpp">
      <Filter>Source Files</Filter>
    </ClCompile>
    <ClCompile Include="..\..\i don%27t know yet\i don%27t know yet\drawable.cpp">
      <Filter>drawable</Filter>
    </ClCompile>
    <ClCompile Include="..\..\i don%27t know yet\i don%27t know yet\Mesh.cpp">
      <Filter>drawable</Filter>
    </ClCompile>
  </ItemGroup>
  <ItemGroup>
    <FxCompile Include="..\..\i don%27t know yet\i don%27t know yet\PixelShader.hlsl" />
    <FxCompile Include="..\..\i don%27t know yet\i don%27t know yet\VertexShader.hlsl" />
    <FxCompile Include="..\..\i don%27t know yet\i don%27t know yet\lightpixelshader.hlsl" />
  </ItemGroup>
</Project>